// !$*UTF8*$!
{
	archiveVersion = 1;
	classes = {
	};
	objectVersion = 52;
	objects = {

/* Begin PBXBuildFile section */
		30186C7823BA1FEA006D5B2F /* turtlerock.jpg in Resources */ = {isa = PBXBuildFile; fileRef = 30186C6823BA1FEA006D5B2F /* turtlerock.jpg */; };
		30186C7923BA1FEA006D5B2F /* silversalmoncreek.jpg in Resources */ = {isa = PBXBuildFile; fileRef = 30186C6923BA1FEA006D5B2F /* silversalmoncreek.jpg */; };
		30186C7A23BA1FEA006D5B2F /* icybay.jpg in Resources */ = {isa = PBXBuildFile; fileRef = 30186C6A23BA1FEA006D5B2F /* icybay.jpg */; };
		30186C7B23BA1FEA006D5B2F /* lakemcdonald.jpg in Resources */ = {isa = PBXBuildFile; fileRef = 30186C6B23BA1FEA006D5B2F /* lakemcdonald.jpg */; };
		30186C7C23BA1FEA006D5B2F /* hiddenlake.jpg in Resources */ = {isa = PBXBuildFile; fileRef = 30186C6C23BA1FEA006D5B2F /* hiddenlake.jpg */; };
		30186C7D23BA1FEA006D5B2F /* twinlake.jpg in Resources */ = {isa = PBXBuildFile; fileRef = 30186C6D23BA1FEA006D5B2F /* twinlake.jpg */; };
		30186C7E23BA1FEA006D5B2F /* umbagog.jpg in Resources */ = {isa = PBXBuildFile; fileRef = 30186C6E23BA1FEA006D5B2F /* umbagog.jpg */; };
		30186C7F23BA1FEA006D5B2F /* landmarkData.json in Resources */ = {isa = PBXBuildFile; fileRef = 30186C6F23BA1FEA006D5B2F /* landmarkData.json */; };
		30186C8023BA1FEA006D5B2F /* chincoteague.jpg in Resources */ = {isa = PBXBuildFile; fileRef = 30186C7023BA1FEA006D5B2F /* chincoteague.jpg */; };
		30186C8123BA1FEA006D5B2F /* yukon_charleyrivers.jpg in Resources */ = {isa = PBXBuildFile; fileRef = 30186C7123BA1FEA006D5B2F /* yukon_charleyrivers.jpg */; };
		30186C8223BA1FEA006D5B2F /* stmarylake.jpg in Resources */ = {isa = PBXBuildFile; fileRef = 30186C7223BA1FEA006D5B2F /* stmarylake.jpg */; };
		30186C8323BA1FEA006D5B2F /* chilkoottrail.jpg in Resources */ = {isa = PBXBuildFile; fileRef = 30186C7323BA1FEA006D5B2F /* chilkoottrail.jpg */; };
		30186C8423BA1FEA006D5B2F /* rainbowlake.jpg in Resources */ = {isa = PBXBuildFile; fileRef = 30186C7423BA1FEA006D5B2F /* rainbowlake.jpg */; };
		30186C8523BA1FEA006D5B2F /* Data.swift in Sources */ = {isa = PBXBuildFile; fileRef = 30186C7623BA1FEA006D5B2F /* Data.swift */; };
		30186C8623BA1FEA006D5B2F /* Landmark.swift in Sources */ = {isa = PBXBuildFile; fileRef = 30186C7723BA1FEA006D5B2F /* Landmark.swift */; };
		30186C8823BA2050006D5B2F /* ShoeRow.swift in Sources */ = {isa = PBXBuildFile; fileRef = 30186C8723BA2050006D5B2F /* ShoeRow.swift */; };
		30186C8A23BA2346006D5B2F /* ShoeList.swift in Sources */ = {isa = PBXBuildFile; fileRef = 30186C8923BA2346006D5B2F /* ShoeList.swift */; };
		30186C8E23BA3C15006D5B2F /* CameraButtonView.swift in Sources */ = {isa = PBXBuildFile; fileRef = 30186C8D23BA3C15006D5B2F /* CameraButtonView.swift */; };
		30186C9023BA4288006D5B2F /* ImagePicker.swift in Sources */ = {isa = PBXBuildFile; fileRef = 30186C8F23BA4288006D5B2F /* ImagePicker.swift */; };
		306FB8A923B66CB8007DF48C /* rotating.gif in Resources */ = {isa = PBXBuildFile; fileRef = 306FB8A823B66CB8007DF48C /* rotating.gif */; };
		306FB8AC23B67014007DF48C /* RotatingShoe.swift in Sources */ = {isa = PBXBuildFile; fileRef = 306FB8AB23B67014007DF48C /* RotatingShoe.swift */; };
		306FB8AE23B6769F007DF48C /* MapView.swift in Sources */ = {isa = PBXBuildFile; fileRef = 306FB8AD23B6769F007DF48C /* MapView.swift */; };
		3071751723B69E6100E6CFC2 /* Button.png in Resources */ = {isa = PBXBuildFile; fileRef = 3071751623B69E6100E6CFC2 /* Button.png */; };
		3071751923B7B76500E6CFC2 /* Assets.xcassets in Resources */ = {isa = PBXBuildFile; fileRef = 3071751823B7B76500E6CFC2 /* Assets.xcassets */; };
		3071751D23B7C7C400E6CFC2 /* MultipleTabsView.swift in Sources */ = {isa = PBXBuildFile; fileRef = 3071751C23B7C7C400E6CFC2 /* MultipleTabsView.swift */; };
		3071751F23B7C8D400E6CFC2 /* GalleryView.swift in Sources */ = {isa = PBXBuildFile; fileRef = 3071751E23B7C8D400E6CFC2 /* GalleryView.swift */; };
		3071752323B7E94300E6CFC2 /* PredictionView.swift in Sources */ = {isa = PBXBuildFile; fileRef = 3071752223B7E94300E6CFC2 /* PredictionView.swift */; };
		3071752F23B919E900E6CFC2 /* ComingSoonTab.swift in Sources */ = {isa = PBXBuildFile; fileRef = 3071752C23B919E900E6CFC2 /* ComingSoonTab.swift */; };
		3071753023B919E900E6CFC2 /* TakePhotoTab.swift in Sources */ = {isa = PBXBuildFile; fileRef = 3071752D23B919E900E6CFC2 /* TakePhotoTab.swift */; };
		3071753123B919E900E6CFC2 /* ProfTabs.swift in Sources */ = {isa = PBXBuildFile; fileRef = 3071752E23B919E900E6CFC2 /* ProfTabs.swift */; };
		30BCE80023B65FB800244BF6 /* AppDelegate.swift in Sources */ = {isa = PBXBuildFile; fileRef = 30BCE7FF23B65FB800244BF6 /* AppDelegate.swift */; };
		30BCE80223B65FB800244BF6 /* SceneDelegate.swift in Sources */ = {isa = PBXBuildFile; fileRef = 30BCE80123B65FB800244BF6 /* SceneDelegate.swift */; };
		30BCE80523B65FB800244BF6 /* PictureIdentifier.xcdatamodeld in Sources */ = {isa = PBXBuildFile; fileRef = 30BCE80323B65FB800244BF6 /* PictureIdentifier.xcdatamodeld */; };
		30BCE80723B65FB800244BF6 /* ContentView.swift in Sources */ = {isa = PBXBuildFile; fileRef = 30BCE80623B65FB800244BF6 /* ContentView.swift */; };
		30BCE80F23B65FC000244BF6 /* LaunchScreen.storyboard in Resources */ = {isa = PBXBuildFile; fileRef = 30BCE80D23B65FC000244BF6 /* LaunchScreen.storyboard */; };
		30BCE81A23B65FC100244BF6 /* PictureIdentifierTests.swift in Sources */ = {isa = PBXBuildFile; fileRef = 30BCE81923B65FC100244BF6 /* PictureIdentifierTests.swift */; };
		30BCE82523B65FC100244BF6 /* PictureIdentifierUITests.swift in Sources */ = {isa = PBXBuildFile; fileRef = 30BCE82423B65FC100244BF6 /* PictureIdentifierUITests.swift */; };
		CFC060A6111B437D2673130C /* Pods_ViperLabs.framework in Frameworks */ = {isa = PBXBuildFile; fileRef = 0FB15062D2A383F9CAE77CCD /* Pods_ViperLabs.framework */; };
/* End PBXBuildFile section */

/* Begin PBXContainerItemProxy section */
		30BCE81623B65FC100244BF6 /* PBXContainerItemProxy */ = {
			isa = PBXContainerItemProxy;
			containerPortal = 30BCE7F423B65FB800244BF6 /* Project object */;
			proxyType = 1;
			remoteGlobalIDString = 30BCE7FB23B65FB800244BF6;
			remoteInfo = PictureIdentifier;
		};
		30BCE82123B65FC100244BF6 /* PBXContainerItemProxy */ = {
			isa = PBXContainerItemProxy;
			containerPortal = 30BCE7F423B65FB800244BF6 /* Project object */;
			proxyType = 1;
			remoteGlobalIDString = 30BCE7FB23B65FB800244BF6;
			remoteInfo = PictureIdentifier;
		};
/* End PBXContainerItemProxy section */

/* Begin PBXFileReference section */
		05783E8428B8F57A13CDBEA4 /* Pods-PictureIdentifier.debug.xcconfig */ = {isa = PBXFileReference; includeInIndex = 1; lastKnownFileType = text.xcconfig; name = "Pods-PictureIdentifier.debug.xcconfig"; path = "Target Support Files/Pods-PictureIdentifier/Pods-PictureIdentifier.debug.xcconfig"; sourceTree = "<group>"; };
		0FB15062D2A383F9CAE77CCD /* Pods_ViperLabs.framework */ = {isa = PBXFileReference; explicitFileType = wrapper.framework; includeInIndex = 0; path = Pods_ViperLabs.framework; sourceTree = BUILT_PRODUCTS_DIR; };
		30186C6823BA1FEA006D5B2F /* turtlerock.jpg */ = {isa = PBXFileReference; lastKnownFileType = image.jpeg; path = turtlerock.jpg; sourceTree = "<group>"; };
		30186C6923BA1FEA006D5B2F /* silversalmoncreek.jpg */ = {isa = PBXFileReference; lastKnownFileType = image.jpeg; path = silversalmoncreek.jpg; sourceTree = "<group>"; };
		30186C6A23BA1FEA006D5B2F /* icybay.jpg */ = {isa = PBXFileReference; lastKnownFileType = image.jpeg; path = icybay.jpg; sourceTree = "<group>"; };
		30186C6B23BA1FEA006D5B2F /* lakemcdonald.jpg */ = {isa = PBXFileReference; lastKnownFileType = image.jpeg; path = lakemcdonald.jpg; sourceTree = "<group>"; };
		30186C6C23BA1FEA006D5B2F /* hiddenlake.jpg */ = {isa = PBXFileReference; lastKnownFileType = image.jpeg; path = hiddenlake.jpg; sourceTree = "<group>"; };
		30186C6D23BA1FEA006D5B2F /* twinlake.jpg */ = {isa = PBXFileReference; lastKnownFileType = image.jpeg; path = twinlake.jpg; sourceTree = "<group>"; };
		30186C6E23BA1FEA006D5B2F /* umbagog.jpg */ = {isa = PBXFileReference; lastKnownFileType = image.jpeg; path = umbagog.jpg; sourceTree = "<group>"; };
		30186C6F23BA1FEA006D5B2F /* landmarkData.json */ = {isa = PBXFileReference; fileEncoding = 4; lastKnownFileType = text.json; path = landmarkData.json; sourceTree = "<group>"; };
		30186C7023BA1FEA006D5B2F /* chincoteague.jpg */ = {isa = PBXFileReference; lastKnownFileType = image.jpeg; path = chincoteague.jpg; sourceTree = "<group>"; };
		30186C7123BA1FEA006D5B2F /* yukon_charleyrivers.jpg */ = {isa = PBXFileReference; lastKnownFileType = image.jpeg; path = yukon_charleyrivers.jpg; sourceTree = "<group>"; };
		30186C7223BA1FEA006D5B2F /* stmarylake.jpg */ = {isa = PBXFileReference; lastKnownFileType = image.jpeg; path = stmarylake.jpg; sourceTree = "<group>"; };
		30186C7323BA1FEA006D5B2F /* chilkoottrail.jpg */ = {isa = PBXFileReference; lastKnownFileType = image.jpeg; path = chilkoottrail.jpg; sourceTree = "<group>"; };
		30186C7423BA1FEA006D5B2F /* rainbowlake.jpg */ = {isa = PBXFileReference; lastKnownFileType = image.jpeg; path = rainbowlake.jpg; sourceTree = "<group>"; };
		30186C7623BA1FEA006D5B2F /* Data.swift */ = {isa = PBXFileReference; fileEncoding = 4; lastKnownFileType = sourcecode.swift; path = Data.swift; sourceTree = "<group>"; };
		30186C7723BA1FEA006D5B2F /* Landmark.swift */ = {isa = PBXFileReference; fileEncoding = 4; lastKnownFileType = sourcecode.swift; path = Landmark.swift; sourceTree = "<group>"; };
		30186C8723BA2050006D5B2F /* ShoeRow.swift */ = {isa = PBXFileReference; lastKnownFileType = sourcecode.swift; path = ShoeRow.swift; sourceTree = "<group>"; };
		30186C8923BA2346006D5B2F /* ShoeList.swift */ = {isa = PBXFileReference; lastKnownFileType = sourcecode.swift; path = ShoeList.swift; sourceTree = "<group>"; };
		30186C8D23BA3C15006D5B2F /* CameraButtonView.swift */ = {isa = PBXFileReference; lastKnownFileType = sourcecode.swift; path = CameraButtonView.swift; sourceTree = "<group>"; };
		30186C8F23BA4288006D5B2F /* ImagePicker.swift */ = {isa = PBXFileReference; lastKnownFileType = sourcecode.swift; path = ImagePicker.swift; sourceTree = "<group>"; };
		306FB8A823B66CB8007DF48C /* rotating.gif */ = {isa = PBXFileReference; lastKnownFileType = image.gif; path = rotating.gif; sourceTree = "<group>"; };
		306FB8AB23B67014007DF48C /* RotatingShoe.swift */ = {isa = PBXFileReference; lastKnownFileType = sourcecode.swift; path = RotatingShoe.swift; sourceTree = "<group>"; };
		306FB8AD23B6769F007DF48C /* MapView.swift */ = {isa = PBXFileReference; lastKnownFileType = sourcecode.swift; path = MapView.swift; sourceTree = "<group>"; };
		3071751623B69E6100E6CFC2 /* Button.png */ = {isa = PBXFileReference; lastKnownFileType = image.png; path = Button.png; sourceTree = "<group>"; };
		3071751823B7B76500E6CFC2 /* Assets.xcassets */ = {isa = PBXFileReference; lastKnownFileType = folder.assetcatalog; path = Assets.xcassets; sourceTree = "<group>"; };
		3071751C23B7C7C400E6CFC2 /* MultipleTabsView.swift */ = {isa = PBXFileReference; lastKnownFileType = sourcecode.swift; path = MultipleTabsView.swift; sourceTree = "<group>"; };
		3071751E23B7C8D400E6CFC2 /* GalleryView.swift */ = {isa = PBXFileReference; lastKnownFileType = sourcecode.swift; path = GalleryView.swift; sourceTree = "<group>"; };
		3071752223B7E94300E6CFC2 /* PredictionView.swift */ = {isa = PBXFileReference; lastKnownFileType = sourcecode.swift; path = PredictionView.swift; sourceTree = "<group>"; };
		3071752C23B919E900E6CFC2 /* ComingSoonTab.swift */ = {isa = PBXFileReference; fileEncoding = 4; lastKnownFileType = sourcecode.swift; path = ComingSoonTab.swift; sourceTree = "<group>"; };
		3071752D23B919E900E6CFC2 /* TakePhotoTab.swift */ = {isa = PBXFileReference; fileEncoding = 4; lastKnownFileType = sourcecode.swift; path = TakePhotoTab.swift; sourceTree = "<group>"; };
		3071752E23B919E900E6CFC2 /* ProfTabs.swift */ = {isa = PBXFileReference; fileEncoding = 4; lastKnownFileType = sourcecode.swift; path = ProfTabs.swift; sourceTree = "<group>"; };
		30BCE7FC23B65FB800244BF6 /* ViperLabs.app */ = {isa = PBXFileReference; explicitFileType = wrapper.application; includeInIndex = 0; path = ViperLabs.app; sourceTree = BUILT_PRODUCTS_DIR; };
		30BCE7FF23B65FB800244BF6 /* AppDelegate.swift */ = {isa = PBXFileReference; lastKnownFileType = sourcecode.swift; path = AppDelegate.swift; sourceTree = "<group>"; };
		30BCE80123B65FB800244BF6 /* SceneDelegate.swift */ = {isa = PBXFileReference; lastKnownFileType = sourcecode.swift; path = SceneDelegate.swift; sourceTree = "<group>"; };
		30BCE80423B65FB800244BF6 /* PictureIdentifier.xcdatamodel */ = {isa = PBXFileReference; lastKnownFileType = wrapper.xcdatamodel; path = PictureIdentifier.xcdatamodel; sourceTree = "<group>"; };
		30BCE80623B65FB800244BF6 /* ContentView.swift */ = {isa = PBXFileReference; lastKnownFileType = sourcecode.swift; path = ContentView.swift; sourceTree = "<group>"; };
		30BCE80E23B65FC000244BF6 /* Base */ = {isa = PBXFileReference; lastKnownFileType = file.storyboard; name = Base; path = Base.lproj/LaunchScreen.storyboard; sourceTree = "<group>"; };
		30BCE81023B65FC100244BF6 /* Info.plist */ = {isa = PBXFileReference; lastKnownFileType = text.plist.xml; path = Info.plist; sourceTree = "<group>"; };
		30BCE81523B65FC100244BF6 /* ViperLabsTests.xctest */ = {isa = PBXFileReference; explicitFileType = wrapper.cfbundle; includeInIndex = 0; path = ViperLabsTests.xctest; sourceTree = BUILT_PRODUCTS_DIR; };
		30BCE81923B65FC100244BF6 /* PictureIdentifierTests.swift */ = {isa = PBXFileReference; lastKnownFileType = sourcecode.swift; path = PictureIdentifierTests.swift; sourceTree = "<group>"; };
		30BCE81B23B65FC100244BF6 /* Info.plist */ = {isa = PBXFileReference; lastKnownFileType = text.plist.xml; path = Info.plist; sourceTree = "<group>"; };
		30BCE82023B65FC100244BF6 /* ViperLabsUITests.xctest */ = {isa = PBXFileReference; explicitFileType = wrapper.cfbundle; includeInIndex = 0; path = ViperLabsUITests.xctest; sourceTree = BUILT_PRODUCTS_DIR; };
		30BCE82423B65FC100244BF6 /* PictureIdentifierUITests.swift */ = {isa = PBXFileReference; lastKnownFileType = sourcecode.swift; path = PictureIdentifierUITests.swift; sourceTree = "<group>"; };
		30BCE82623B65FC100244BF6 /* Info.plist */ = {isa = PBXFileReference; lastKnownFileType = text.plist.xml; path = Info.plist; sourceTree = "<group>"; };
		365D88168750F9FB90E91388 /* Pods-PictureIdentifier.release.xcconfig */ = {isa = PBXFileReference; includeInIndex = 1; lastKnownFileType = text.xcconfig; name = "Pods-PictureIdentifier.release.xcconfig"; path = "Target Support Files/Pods-PictureIdentifier/Pods-PictureIdentifier.release.xcconfig"; sourceTree = "<group>"; };
		E4E73AC0371CE00859A45620 /* Pods-ViperLabs.debug.xcconfig */ = {isa = PBXFileReference; includeInIndex = 1; lastKnownFileType = text.xcconfig; name = "Pods-ViperLabs.debug.xcconfig"; path = "Target Support Files/Pods-ViperLabs/Pods-ViperLabs.debug.xcconfig"; sourceTree = "<group>"; };
		FF689482EAAA7BADC8397EE8 /* Pods-ViperLabs.release.xcconfig */ = {isa = PBXFileReference; includeInIndex = 1; lastKnownFileType = text.xcconfig; name = "Pods-ViperLabs.release.xcconfig"; path = "Target Support Files/Pods-ViperLabs/Pods-ViperLabs.release.xcconfig"; sourceTree = "<group>"; };
/* End PBXFileReference section */

/* Begin PBXFrameworksBuildPhase section */
		30BCE7F923B65FB800244BF6 /* Frameworks */ = {
			isa = PBXFrameworksBuildPhase;
			buildActionMask = 2147483647;
			files = (
				CFC060A6111B437D2673130C /* Pods_ViperLabs.framework in Frameworks */,
			);
			runOnlyForDeploymentPostprocessing = 0;
		};
		30BCE81223B65FC100244BF6 /* Frameworks */ = {
			isa = PBXFrameworksBuildPhase;
			buildActionMask = 2147483647;
			files = (
			);
			runOnlyForDeploymentPostprocessing = 0;
		};
		30BCE81D23B65FC100244BF6 /* Frameworks */ = {
			isa = PBXFrameworksBuildPhase;
			buildActionMask = 2147483647;
			files = (
			);
			runOnlyForDeploymentPostprocessing = 0;
		};
/* End PBXFrameworksBuildPhase section */

/* Begin PBXGroup section */
		30186C6723BA1FEA006D5B2F /* Resources */ = {
			isa = PBXGroup;
			children = (
				30186C6823BA1FEA006D5B2F /* turtlerock.jpg */,
				30186C6923BA1FEA006D5B2F /* silversalmoncreek.jpg */,
				30186C6A23BA1FEA006D5B2F /* icybay.jpg */,
				30186C6B23BA1FEA006D5B2F /* lakemcdonald.jpg */,
				30186C6C23BA1FEA006D5B2F /* hiddenlake.jpg */,
				30186C6D23BA1FEA006D5B2F /* twinlake.jpg */,
				30186C6E23BA1FEA006D5B2F /* umbagog.jpg */,
				30186C6F23BA1FEA006D5B2F /* landmarkData.json */,
				30186C7023BA1FEA006D5B2F /* chincoteague.jpg */,
				30186C7123BA1FEA006D5B2F /* yukon_charleyrivers.jpg */,
				30186C7223BA1FEA006D5B2F /* stmarylake.jpg */,
				30186C7323BA1FEA006D5B2F /* chilkoottrail.jpg */,
				30186C7423BA1FEA006D5B2F /* rainbowlake.jpg */,
			);
			path = Resources;
			sourceTree = "<group>";
		};
		30186C7523BA1FEA006D5B2F /* Models */ = {
			isa = PBXGroup;
			children = (
				30186C7623BA1FEA006D5B2F /* Data.swift */,
				30186C7723BA1FEA006D5B2F /* Landmark.swift */,
			);
			path = Models;
			sourceTree = "<group>";
		};
		3071752B23B919E900E6CFC2 /* FeatureTabs */ = {
			isa = PBXGroup;
			children = (
				3071752C23B919E900E6CFC2 /* ComingSoonTab.swift */,
				3071752D23B919E900E6CFC2 /* TakePhotoTab.swift */,
				3071752E23B919E900E6CFC2 /* ProfTabs.swift */,
			);
			path = FeatureTabs;
			sourceTree = "<group>";
		};
		30BCE7F323B65FB800244BF6 = {
			isa = PBXGroup;
			children = (
				30BCE7FE23B65FB800244BF6 /* PictureIdentifier */,
				30BCE81823B65FC100244BF6 /* PictureIdentifierTests */,
				30BCE82323B65FC100244BF6 /* PictureIdentifierUITests */,
				30BCE7FD23B65FB800244BF6 /* Products */,
				74007988266C5DE94F9B2F52 /* Pods */,
				B574B25ED16AFF66EB72C277 /* Frameworks */,
			);
			sourceTree = "<group>";
		};
		30BCE7FD23B65FB800244BF6 /* Products */ = {
			isa = PBXGroup;
			children = (
				30BCE7FC23B65FB800244BF6 /* ViperLabs.app */,
				30BCE81523B65FC100244BF6 /* ViperLabsTests.xctest */,
				30BCE82023B65FC100244BF6 /* ViperLabsUITests.xctest */,
			);
			name = Products;
			sourceTree = "<group>";
		};
		30BCE7FE23B65FB800244BF6 /* PictureIdentifier */ = {
			isa = PBXGroup;
			children = (
				30186C7523BA1FEA006D5B2F /* Models */,
				30186C6723BA1FEA006D5B2F /* Resources */,
				3071751823B7B76500E6CFC2 /* Assets.xcassets */,
				3071751623B69E6100E6CFC2 /* Button.png */,
				306FB8AD23B6769F007DF48C /* MapView.swift */,
				306FB8A823B66CB8007DF48C /* rotating.gif */,
				30BCE7FF23B65FB800244BF6 /* AppDelegate.swift */,
				30BCE80123B65FB800244BF6 /* SceneDelegate.swift */,
				30BCE80623B65FB800244BF6 /* ContentView.swift */,
				306FB8AB23B67014007DF48C /* RotatingShoe.swift */,
				30BCE80D23B65FC000244BF6 /* LaunchScreen.storyboard */,
				30BCE81023B65FC100244BF6 /* Info.plist */,
				30BCE80323B65FB800244BF6 /* PictureIdentifier.xcdatamodeld */,
				3071751C23B7C7C400E6CFC2 /* MultipleTabsView.swift */,
				3071751E23B7C8D400E6CFC2 /* GalleryView.swift */,
				3071752B23B919E900E6CFC2 /* FeatureTabs */,
				3071752223B7E94300E6CFC2 /* PredictionView.swift */,
				30186C8723BA2050006D5B2F /* ShoeRow.swift */,
				30186C8923BA2346006D5B2F /* ShoeList.swift */,
				30186C8D23BA3C15006D5B2F /* CameraButtonView.swift */,
				30186C8F23BA4288006D5B2F /* ImagePicker.swift */,
			);
			path = PictureIdentifier;
			sourceTree = "<group>";
		};
		30BCE81823B65FC100244BF6 /* PictureIdentifierTests */ = {
			isa = PBXGroup;
			children = (
				30BCE81923B65FC100244BF6 /* PictureIdentifierTests.swift */,
				30BCE81B23B65FC100244BF6 /* Info.plist */,
			);
			path = PictureIdentifierTests;
			sourceTree = "<group>";
		};
		30BCE82323B65FC100244BF6 /* PictureIdentifierUITests */ = {
			isa = PBXGroup;
			children = (
				30BCE82423B65FC100244BF6 /* PictureIdentifierUITests.swift */,
				30BCE82623B65FC100244BF6 /* Info.plist */,
			);
			path = PictureIdentifierUITests;
			sourceTree = "<group>";
		};
		74007988266C5DE94F9B2F52 /* Pods */ = {
			isa = PBXGroup;
			children = (
				05783E8428B8F57A13CDBEA4 /* Pods-PictureIdentifier.debug.xcconfig */,
				365D88168750F9FB90E91388 /* Pods-PictureIdentifier.release.xcconfig */,
				E4E73AC0371CE00859A45620 /* Pods-ViperLabs.debug.xcconfig */,
				FF689482EAAA7BADC8397EE8 /* Pods-ViperLabs.release.xcconfig */,
			);
			path = Pods;
			sourceTree = "<group>";
		};
		B574B25ED16AFF66EB72C277 /* Frameworks */ = {
			isa = PBXGroup;
			children = (
				0FB15062D2A383F9CAE77CCD /* Pods_ViperLabs.framework */,
			);
			name = Frameworks;
			sourceTree = "<group>";
		};
/* End PBXGroup section */

/* Begin PBXNativeTarget section */
		30BCE7FB23B65FB800244BF6 /* ViperLabs */ = {
			isa = PBXNativeTarget;
			buildConfigurationList = 30BCE82923B65FC100244BF6 /* Build configuration list for PBXNativeTarget "ViperLabs" */;
			buildPhases = (
				797A8548BFF75302F7C28570 /* [CP] Check Pods Manifest.lock */,
				30BCE7F823B65FB800244BF6 /* Sources */,
				30BCE7F923B65FB800244BF6 /* Frameworks */,
				30BCE7FA23B65FB800244BF6 /* Resources */,
				6D8190ACE7C0DB1D19EFEF53 /* [CP] Embed Pods Frameworks */,
			);
			buildRules = (
			);
			dependencies = (
			);
			name = ViperLabs;
			productName = PictureIdentifier;
			productReference = 30BCE7FC23B65FB800244BF6 /* ViperLabs.app */;
			productType = "com.apple.product-type.application";
		};
		30BCE81423B65FC100244BF6 /* ViperLabsTests */ = {
			isa = PBXNativeTarget;
			buildConfigurationList = 30BCE82C23B65FC100244BF6 /* Build configuration list for PBXNativeTarget "ViperLabsTests" */;
			buildPhases = (
				30BCE81123B65FC100244BF6 /* Sources */,
				30BCE81223B65FC100244BF6 /* Frameworks */,
				30BCE81323B65FC100244BF6 /* Resources */,
			);
			buildRules = (
			);
			dependencies = (
				30BCE81723B65FC100244BF6 /* PBXTargetDependency */,
			);
			name = ViperLabsTests;
			productName = PictureIdentifierTests;
			productReference = 30BCE81523B65FC100244BF6 /* ViperLabsTests.xctest */;
			productType = "com.apple.product-type.bundle.unit-test";
		};
		30BCE81F23B65FC100244BF6 /* ViperLabsUITests */ = {
			isa = PBXNativeTarget;
			buildConfigurationList = 30BCE82F23B65FC100244BF6 /* Build configuration list for PBXNativeTarget "ViperLabsUITests" */;
			buildPhases = (
				30BCE81C23B65FC100244BF6 /* Sources */,
				30BCE81D23B65FC100244BF6 /* Frameworks */,
				30BCE81E23B65FC100244BF6 /* Resources */,
			);
			buildRules = (
			);
			dependencies = (
				30BCE82223B65FC100244BF6 /* PBXTargetDependency */,
			);
			name = ViperLabsUITests;
			productName = PictureIdentifierUITests;
			productReference = 30BCE82023B65FC100244BF6 /* ViperLabsUITests.xctest */;
			productType = "com.apple.product-type.bundle.ui-testing";
		};
/* End PBXNativeTarget section */

/* Begin PBXProject section */
		30BCE7F423B65FB800244BF6 /* Project object */ = {
			isa = PBXProject;
			attributes = {
				LastSwiftUpdateCheck = 1130;
				LastUpgradeCheck = 1130;
				ORGANIZATIONNAME = "David Inyangson";
				TargetAttributes = {
					30BCE7FB23B65FB800244BF6 = {
						CreatedOnToolsVersion = 11.3;
					};
					30BCE81423B65FC100244BF6 = {
						CreatedOnToolsVersion = 11.3;
						TestTargetID = 30BCE7FB23B65FB800244BF6;
					};
					30BCE81F23B65FC100244BF6 = {
						CreatedOnToolsVersion = 11.3;
						TestTargetID = 30BCE7FB23B65FB800244BF6;
					};
				};
			};
			buildConfigurationList = 30BCE7F723B65FB800244BF6 /* Build configuration list for PBXProject "ViperLabs" */;
			compatibilityVersion = "Xcode 11.0";
			developmentRegion = en;
			hasScannedForEncodings = 0;
			knownRegions = (
				en,
				Base,
			);
			mainGroup = 30BCE7F323B65FB800244BF6;
			productRefGroup = 30BCE7FD23B65FB800244BF6 /* Products */;
			projectDirPath = "";
			projectRoot = "";
			targets = (
				30BCE7FB23B65FB800244BF6 /* ViperLabs */,
				30BCE81423B65FC100244BF6 /* ViperLabsTests */,
				30BCE81F23B65FC100244BF6 /* ViperLabsUITests */,
			);
		};
/* End PBXProject section */

/* Begin PBXResourcesBuildPhase section */
		30BCE7FA23B65FB800244BF6 /* Resources */ = {
			isa = PBXResourcesBuildPhase;
			buildActionMask = 2147483647;
			files = (
				30186C8123BA1FEA006D5B2F /* yukon_charleyrivers.jpg in Resources */,
				306FB8A923B66CB8007DF48C /* rotating.gif in Resources */,
				3071751723B69E6100E6CFC2 /* Button.png in Resources */,
				3071751923B7B76500E6CFC2 /* Assets.xcassets in Resources */,
				30186C7923BA1FEA006D5B2F /* silversalmoncreek.jpg in Resources */,
				30BCE80F23B65FC000244BF6 /* LaunchScreen.storyboard in Resources */,
				30186C8223BA1FEA006D5B2F /* stmarylake.jpg in Resources */,
				30186C8023BA1FEA006D5B2F /* chincoteague.jpg in Resources */,
				30186C7F23BA1FEA006D5B2F /* landmarkData.json in Resources */,
				30186C8323BA1FEA006D5B2F /* chilkoottrail.jpg in Resources */,
				30186C7A23BA1FEA006D5B2F /* icybay.jpg in Resources */,
				30186C7D23BA1FEA006D5B2F /* twinlake.jpg in Resources */,
				30186C7B23BA1FEA006D5B2F /* lakemcdonald.jpg in Resources */,
				30186C7C23BA1FEA006D5B2F /* hiddenlake.jpg in Resources */,
				30186C7E23BA1FEA006D5B2F /* umbagog.jpg in Resources */,
				30186C7823BA1FEA006D5B2F /* turtlerock.jpg in Resources */,
				30186C8423BA1FEA006D5B2F /* rainbowlake.jpg in Resources */,
			);
			runOnlyForDeploymentPostprocessing = 0;
		};
		30BCE81323B65FC100244BF6 /* Resources */ = {
			isa = PBXResourcesBuildPhase;
			buildActionMask = 2147483647;
			files = (
			);
			runOnlyForDeploymentPostprocessing = 0;
		};
		30BCE81E23B65FC100244BF6 /* Resources */ = {
			isa = PBXResourcesBuildPhase;
			buildActionMask = 2147483647;
			files = (
			);
			runOnlyForDeploymentPostprocessing = 0;
		};
/* End PBXResourcesBuildPhase section */

/* Begin PBXShellScriptBuildPhase section */
		6D8190ACE7C0DB1D19EFEF53 /* [CP] Embed Pods Frameworks */ = {
			isa = PBXShellScriptBuildPhase;
			buildActionMask = 2147483647;
			files = (
			);
			inputFileListPaths = (
				"${PODS_ROOT}/Target Support Files/Pods-ViperLabs/Pods-ViperLabs-frameworks-${CONFIGURATION}-input-files.xcfilelist",
			);
			name = "[CP] Embed Pods Frameworks";
			outputFileListPaths = (
				"${PODS_ROOT}/Target Support Files/Pods-ViperLabs/Pods-ViperLabs-frameworks-${CONFIGURATION}-output-files.xcfilelist",
			);
			runOnlyForDeploymentPostprocessing = 0;
			shellPath = /bin/sh;
			shellScript = "\"${PODS_ROOT}/Target Support Files/Pods-ViperLabs/Pods-ViperLabs-frameworks.sh\"\n";
			showEnvVarsInLog = 0;
		};
		797A8548BFF75302F7C28570 /* [CP] Check Pods Manifest.lock */ = {
			isa = PBXShellScriptBuildPhase;
			buildActionMask = 2147483647;
			files = (
			);
			inputFileListPaths = (
			);
			inputPaths = (
				"${PODS_PODFILE_DIR_PATH}/Podfile.lock",
				"${PODS_ROOT}/Manifest.lock",
			);
			name = "[CP] Check Pods Manifest.lock";
			outputFileListPaths = (
			);
			outputPaths = (
				"$(DERIVED_FILE_DIR)/Pods-ViperLabs-checkManifestLockResult.txt",
			);
			runOnlyForDeploymentPostprocessing = 0;
			shellPath = /bin/sh;
			shellScript = "diff \"${PODS_PODFILE_DIR_PATH}/Podfile.lock\" \"${PODS_ROOT}/Manifest.lock\" > /dev/null\nif [ $? != 0 ] ; then\n    # print error to STDERR\n    echo \"error: The sandbox is not in sync with the Podfile.lock. Run 'pod install' or update your CocoaPods installation.\" >&2\n    exit 1\nfi\n# This output is used by Xcode 'outputs' to avoid re-running this script phase.\necho \"SUCCESS\" > \"${SCRIPT_OUTPUT_FILE_0}\"\n";
			showEnvVarsInLog = 0;
		};
/* End PBXShellScriptBuildPhase section */

/* Begin PBXSourcesBuildPhase section */
		30BCE7F823B65FB800244BF6 /* Sources */ = {
			isa = PBXSourcesBuildPhase;
			buildActionMask = 2147483647;
			files = (
				30186C8823BA2050006D5B2F /* ShoeRow.swift in Sources */,
				306FB8AC23B67014007DF48C /* RotatingShoe.swift in Sources */,
				3071751D23B7C7C400E6CFC2 /* MultipleTabsView.swift in Sources */,
				30186C9023BA4288006D5B2F /* ImagePicker.swift in Sources */,
				306FB8AE23B6769F007DF48C /* MapView.swift in Sources */,
				30186C8A23BA2346006D5B2F /* ShoeList.swift in Sources */,
				30BCE80023B65FB800244BF6 /* AppDelegate.swift in Sources */,
				3071752F23B919E900E6CFC2 /* ComingSoonTab.swift in Sources */,
				3071753123B919E900E6CFC2 /* ProfTabs.swift in Sources */,
				3071752323B7E94300E6CFC2 /* PredictionView.swift in Sources */,
				30186C8E23BA3C15006D5B2F /* CameraButtonView.swift in Sources */,
				30186C8623BA1FEA006D5B2F /* Landmark.swift in Sources */,
				30BCE80523B65FB800244BF6 /* PictureIdentifier.xcdatamodeld in Sources */,
				30186C8523BA1FEA006D5B2F /* Data.swift in Sources */,
				30BCE80723B65FB800244BF6 /* ContentView.swift in Sources */,
				30BCE80223B65FB800244BF6 /* SceneDelegate.swift in Sources */,
				3071751F23B7C8D400E6CFC2 /* GalleryView.swift in Sources */,
				3071753023B919E900E6CFC2 /* TakePhotoTab.swift in Sources */,
			);
			runOnlyForDeploymentPostprocessing = 0;
		};
		30BCE81123B65FC100244BF6 /* Sources */ = {
			isa = PBXSourcesBuildPhase;
			buildActionMask = 2147483647;
			files = (
				30BCE81A23B65FC100244BF6 /* PictureIdentifierTests.swift in Sources */,
			);
			runOnlyForDeploymentPostprocessing = 0;
		};
		30BCE81C23B65FC100244BF6 /* Sources */ = {
			isa = PBXSourcesBuildPhase;
			buildActionMask = 2147483647;
			files = (
				30BCE82523B65FC100244BF6 /* PictureIdentifierUITests.swift in Sources */,
			);
			runOnlyForDeploymentPostprocessing = 0;
		};
/* End PBXSourcesBuildPhase section */

/* Begin PBXTargetDependency section */
		30BCE81723B65FC100244BF6 /* PBXTargetDependency */ = {
			isa = PBXTargetDependency;
			target = 30BCE7FB23B65FB800244BF6 /* ViperLabs */;
			targetProxy = 30BCE81623B65FC100244BF6 /* PBXContainerItemProxy */;
		};
		30BCE82223B65FC100244BF6 /* PBXTargetDependency */ = {
			isa = PBXTargetDependency;
			target = 30BCE7FB23B65FB800244BF6 /* ViperLabs */;
			targetProxy = 30BCE82123B65FC100244BF6 /* PBXContainerItemProxy */;
		};
/* End PBXTargetDependency section */

/* Begin PBXVariantGroup section */
		30BCE80D23B65FC000244BF6 /* LaunchScreen.storyboard */ = {
			isa = PBXVariantGroup;
			children = (
				30BCE80E23B65FC000244BF6 /* Base */,
			);
			name = LaunchScreen.storyboard;
			sourceTree = "<group>";
		};
/* End PBXVariantGroup section */

/* Begin XCBuildConfiguration section */
		30BCE82723B65FC100244BF6 /* Debug */ = {
			isa = XCBuildConfiguration;
			buildSettings = {
				ALWAYS_SEARCH_USER_PATHS = NO;
				CLANG_ANALYZER_NONNULL = YES;
				CLANG_ANALYZER_NUMBER_OBJECT_CONVERSION = YES_AGGRESSIVE;
				CLANG_CXX_LANGUAGE_STANDARD = "gnu++14";
				CLANG_CXX_LIBRARY = "libc++";
				CLANG_ENABLE_MODULES = YES;
				CLANG_ENABLE_OBJC_ARC = YES;
				CLANG_ENABLE_OBJC_WEAK = YES;
				CLANG_WARN_BLOCK_CAPTURE_AUTORELEASING = YES;
				CLANG_WARN_BOOL_CONVERSION = YES;
				CLANG_WARN_COMMA = YES;
				CLANG_WARN_CONSTANT_CONVERSION = YES;
				CLANG_WARN_DEPRECATED_OBJC_IMPLEMENTATIONS = YES;
				CLANG_WARN_DIRECT_OBJC_ISA_USAGE = YES_ERROR;
				CLANG_WARN_DOCUMENTATION_COMMENTS = YES;
				CLANG_WARN_EMPTY_BODY = YES;
				CLANG_WARN_ENUM_CONVERSION = YES;
				CLANG_WARN_INFINITE_RECURSION = YES;
				CLANG_WARN_INT_CONVERSION = YES;
				CLANG_WARN_NON_LITERAL_NULL_CONVERSION = YES;
				CLANG_WARN_OBJC_IMPLICIT_RETAIN_SELF = YES;
				CLANG_WARN_OBJC_LITERAL_CONVERSION = YES;
				CLANG_WARN_OBJC_ROOT_CLASS = YES_ERROR;
				CLANG_WARN_RANGE_LOOP_ANALYSIS = YES;
				CLANG_WARN_STRICT_PROTOTYPES = YES;
				CLANG_WARN_SUSPICIOUS_MOVE = YES;
				CLANG_WARN_UNGUARDED_AVAILABILITY = YES_AGGRESSIVE;
				CLANG_WARN_UNREACHABLE_CODE = YES;
				CLANG_WARN__DUPLICATE_METHOD_MATCH = YES;
				COPY_PHASE_STRIP = NO;
				DEBUG_INFORMATION_FORMAT = dwarf;
				ENABLE_STRICT_OBJC_MSGSEND = YES;
				ENABLE_TESTABILITY = YES;
				GCC_C_LANGUAGE_STANDARD = gnu11;
				GCC_DYNAMIC_NO_PIC = NO;
				GCC_NO_COMMON_BLOCKS = YES;
				GCC_OPTIMIZATION_LEVEL = 0;
				GCC_PREPROCESSOR_DEFINITIONS = (
					"DEBUG=1",
					"$(inherited)",
				);
				GCC_WARN_64_TO_32_BIT_CONVERSION = YES;
				GCC_WARN_ABOUT_RETURN_TYPE = YES_ERROR;
				GCC_WARN_UNDECLARED_SELECTOR = YES;
				GCC_WARN_UNINITIALIZED_AUTOS = YES_AGGRESSIVE;
				GCC_WARN_UNUSED_FUNCTION = YES;
				GCC_WARN_UNUSED_VARIABLE = YES;
				IPHONEOS_DEPLOYMENT_TARGET = 13.2;
				MTL_ENABLE_DEBUG_INFO = INCLUDE_SOURCE;
				MTL_FAST_MATH = YES;
				ONLY_ACTIVE_ARCH = YES;
				SDKROOT = iphoneos;
				SWIFT_ACTIVE_COMPILATION_CONDITIONS = DEBUG;
				SWIFT_OPTIMIZATION_LEVEL = "-Onone";
			};
			name = Debug;
		};
		30BCE82823B65FC100244BF6 /* Release */ = {
			isa = XCBuildConfiguration;
			buildSettings = {
				ALWAYS_SEARCH_USER_PATHS = NO;
				CLANG_ANALYZER_NONNULL = YES;
				CLANG_ANALYZER_NUMBER_OBJECT_CONVERSION = YES_AGGRESSIVE;
				CLANG_CXX_LANGUAGE_STANDARD = "gnu++14";
				CLANG_CXX_LIBRARY = "libc++";
				CLANG_ENABLE_MODULES = YES;
				CLANG_ENABLE_OBJC_ARC = YES;
				CLANG_ENABLE_OBJC_WEAK = YES;
				CLANG_WARN_BLOCK_CAPTURE_AUTORELEASING = YES;
				CLANG_WARN_BOOL_CONVERSION = YES;
				CLANG_WARN_COMMA = YES;
				CLANG_WARN_CONSTANT_CONVERSION = YES;
				CLANG_WARN_DEPRECATED_OBJC_IMPLEMENTATIONS = YES;
				CLANG_WARN_DIRECT_OBJC_ISA_USAGE = YES_ERROR;
				CLANG_WARN_DOCUMENTATION_COMMENTS = YES;
				CLANG_WARN_EMPTY_BODY = YES;
				CLANG_WARN_ENUM_CONVERSION = YES;
				CLANG_WARN_INFINITE_RECURSION = YES;
				CLANG_WARN_INT_CONVERSION = YES;
				CLANG_WARN_NON_LITERAL_NULL_CONVERSION = YES;
				CLANG_WARN_OBJC_IMPLICIT_RETAIN_SELF = YES;
				CLANG_WARN_OBJC_LITERAL_CONVERSION = YES;
				CLANG_WARN_OBJC_ROOT_CLASS = YES_ERROR;
				CLANG_WARN_RANGE_LOOP_ANALYSIS = YES;
				CLANG_WARN_STRICT_PROTOTYPES = YES;
				CLANG_WARN_SUSPICIOUS_MOVE = YES;
				CLANG_WARN_UNGUARDED_AVAILABILITY = YES_AGGRESSIVE;
				CLANG_WARN_UNREACHABLE_CODE = YES;
				CLANG_WARN__DUPLICATE_METHOD_MATCH = YES;
				COPY_PHASE_STRIP = NO;
				DEBUG_INFORMATION_FORMAT = "dwarf-with-dsym";
				ENABLE_NS_ASSERTIONS = NO;
				ENABLE_STRICT_OBJC_MSGSEND = YES;
				GCC_C_LANGUAGE_STANDARD = gnu11;
				GCC_NO_COMMON_BLOCKS = YES;
				GCC_WARN_64_TO_32_BIT_CONVERSION = YES;
				GCC_WARN_ABOUT_RETURN_TYPE = YES_ERROR;
				GCC_WARN_UNDECLARED_SELECTOR = YES;
				GCC_WARN_UNINITIALIZED_AUTOS = YES_AGGRESSIVE;
				GCC_WARN_UNUSED_FUNCTION = YES;
				GCC_WARN_UNUSED_VARIABLE = YES;
				IPHONEOS_DEPLOYMENT_TARGET = 13.2;
				MTL_ENABLE_DEBUG_INFO = NO;
				MTL_FAST_MATH = YES;
				SDKROOT = iphoneos;
				SWIFT_COMPILATION_MODE = wholemodule;
				SWIFT_OPTIMIZATION_LEVEL = "-O";
				VALIDATE_PRODUCT = YES;
			};
			name = Release;
		};
		30BCE82A23B65FC100244BF6 /* Debug */ = {
			isa = XCBuildConfiguration;
			baseConfigurationReference = E4E73AC0371CE00859A45620 /* Pods-ViperLabs.debug.xcconfig */;
			buildSettings = {
				ASSETCATALOG_COMPILER_APPICON_NAME = AppIcon;
				CODE_SIGN_STYLE = Automatic;
				DEVELOPMENT_ASSET_PATHS = "";
				DEVELOPMENT_TEAM = DDBFATNM35;
				ENABLE_PREVIEWS = YES;
				INFOPLIST_FILE = PictureIdentifier/Info.plist;
				LD_RUNPATH_SEARCH_PATHS = (
					"$(inherited)",
					"@executable_path/Frameworks",
				);
				PRODUCT_BUNDLE_IDENTIFIER = Much2Money.PictureIdentifier;
				PRODUCT_NAME = "$(TARGET_NAME)";
				SWIFT_VERSION = 5.0;
				TARGETED_DEVICE_FAMILY = "1,2";
			};
			name = Debug;
		};
		30BCE82B23B65FC100244BF6 /* Release */ = {
			isa = XCBuildConfiguration;
			baseConfigurationReference = FF689482EAAA7BADC8397EE8 /* Pods-ViperLabs.release.xcconfig */;
			buildSettings = {
				ASSETCATALOG_COMPILER_APPICON_NAME = AppIcon;
				CODE_SIGN_STYLE = Automatic;
				DEVELOPMENT_ASSET_PATHS = "";
				DEVELOPMENT_TEAM = DDBFATNM35;
				ENABLE_PREVIEWS = YES;
				INFOPLIST_FILE = PictureIdentifier/Info.plist;
				LD_RUNPATH_SEARCH_PATHS = (
					"$(inherited)",
					"@executable_path/Frameworks",
				);
				PRODUCT_BUNDLE_IDENTIFIER = Much2Money.PictureIdentifier;
				PRODUCT_NAME = "$(TARGET_NAME)";
				SWIFT_VERSION = 5.0;
				TARGETED_DEVICE_FAMILY = "1,2";
			};
			name = Release;
		};
		30BCE82D23B65FC100244BF6 /* Debug */ = {
			isa = XCBuildConfiguration;
			buildSettings = {
				ALWAYS_EMBED_SWIFT_STANDARD_LIBRARIES = YES;
				BUNDLE_LOADER = "$(TEST_HOST)";
				CODE_SIGN_STYLE = Automatic;
				DEVELOPMENT_TEAM = DDBFATNM35;
				INFOPLIST_FILE = PictureIdentifierTests/Info.plist;
				IPHONEOS_DEPLOYMENT_TARGET = 13.2;
				LD_RUNPATH_SEARCH_PATHS = (
					"$(inherited)",
					"@executable_path/Frameworks",
					"@loader_path/Frameworks",
				);
				PRODUCT_BUNDLE_IDENTIFIER = Much2Money.PictureIdentifierTests;
				PRODUCT_NAME = "$(TARGET_NAME)";
				SWIFT_VERSION = 5.0;
				TARGETED_DEVICE_FAMILY = "1,2";
				TEST_HOST = "$(BUILT_PRODUCTS_DIR)/ViperLabs.app/ViperLabs";
			};
			name = Debug;
		};
		30BCE82E23B65FC100244BF6 /* Release */ = {
			isa = XCBuildConfiguration;
			buildSettings = {
				ALWAYS_EMBED_SWIFT_STANDARD_LIBRARIES = YES;
				BUNDLE_LOADER = "$(TEST_HOST)";
				CODE_SIGN_STYLE = Automatic;
				DEVELOPMENT_TEAM = DDBFATNM35;
				INFOPLIST_FILE = PictureIdentifierTests/Info.plist;
				IPHONEOS_DEPLOYMENT_TARGET = 13.2;
				LD_RUNPATH_SEARCH_PATHS = (
					"$(inherited)",
					"@executable_path/Frameworks",
					"@loader_path/Frameworks",
				);
				PRODUCT_BUNDLE_IDENTIFIER = Much2Money.PictureIdentifierTests;
				PRODUCT_NAME = "$(TARGET_NAME)";
				SWIFT_VERSION = 5.0;
				TARGETED_DEVICE_FAMILY = "1,2";
				TEST_HOST = "$(BUILT_PRODUCTS_DIR)/ViperLabs.app/ViperLabs";
			};
			name = Release;
		};
		30BCE83023B65FC100244BF6 /* Debug */ = {
			isa = XCBuildConfiguration;
			buildSettings = {
				ALWAYS_EMBED_SWIFT_STANDARD_LIBRARIES = YES;
				CODE_SIGN_STYLE = Automatic;
				DEVELOPMENT_TEAM = DDBFATNM35;
				INFOPLIST_FILE = PictureIdentifierUITests/Info.plist;
				LD_RUNPATH_SEARCH_PATHS = (
					"$(inherited)",
					"@executable_path/Frameworks",
					"@loader_path/Frameworks",
				);
				PRODUCT_BUNDLE_IDENTIFIER = Much2Money.PictureIdentifierUITests;
				PRODUCT_NAME = "$(TARGET_NAME)";
				SWIFT_VERSION = 5.0;
				TARGETED_DEVICE_FAMILY = "1,2";
				TEST_TARGET_NAME = PictureIdentifier;
			};
			name = Debug;
		};
		30BCE83123B65FC100244BF6 /* Release */ = {
			isa = XCBuildConfiguration;
			buildSettings = {
				ALWAYS_EMBED_SWIFT_STANDARD_LIBRARIES = YES;
				CODE_SIGN_STYLE = Automatic;
				DEVELOPMENT_TEAM = DDBFATNM35;
				INFOPLIST_FILE = PictureIdentifierUITests/Info.plist;
				LD_RUNPATH_SEARCH_PATHS = (
					"$(inherited)",
					"@executable_path/Frameworks",
					"@loader_path/Frameworks",
				);
				PRODUCT_BUNDLE_IDENTIFIER = Much2Money.PictureIdentifierUITests;
				PRODUCT_NAME = "$(TARGET_NAME)";
				SWIFT_VERSION = 5.0;
				TARGETED_DEVICE_FAMILY = "1,2";
				TEST_TARGET_NAME = PictureIdentifier;
			};
			name = Release;
		};
/* End XCBuildConfiguration section */

/* Begin XCConfigurationList section */
		30BCE7F723B65FB800244BF6 /* Build configuration list for PBXProject "ViperLabs" */ = {
			isa = XCConfigurationList;
			buildConfigurations = (
				30BCE82723B65FC100244BF6 /* Debug */,
				30BCE82823B65FC100244BF6 /* Release */,
			);
			defaultConfigurationIsVisible = 0;
			defaultConfigurationName = Release;
		};
		30BCE82923B65FC100244BF6 /* Build configuration list for PBXNativeTarget "ViperLabs" */ = {
			isa = XCConfigurationList;
			buildConfigurations = (
				30BCE82A23B65FC100244BF6 /* Debug */,
				30BCE82B23B65FC100244BF6 /* Release */,
			);
			defaultConfigurationIsVisible = 0;
			defaultConfigurationName = Release;
		};
		30BCE82C23B65FC100244BF6 /* Build configuration list for PBXNativeTarget "ViperLabsTests" */ = {
			isa = XCConfigurationList;
			buildConfigurations = (
				30BCE82D23B65FC100244BF6 /* Debug */,
				30BCE82E23B65FC100244BF6 /* Release */,
			);
			defaultConfigurationIsVisible = 0;
			defaultConfigurationName = Release;
		};
		30BCE82F23B65FC100244BF6 /* Build configuration list for PBXNativeTarget "ViperLabsUITests" */ = {
			isa = XCConfigurationList;
			buildConfigurations = (
				30BCE83023B65FC100244BF6 /* Debug */,
				30BCE83123B65FC100244BF6 /* Release */,
			);
			defaultConfigurationIsVisible = 0;
			defaultConfigurationName = Release;
		};
/* End XCConfigurationList section */

/* Begin XCVersionGroup section */
		30BCE80323B65FB800244BF6 /* PictureIdentifier.xcdatamodeld */ = {
			isa = XCVersionGroup;
			children = (
				30BCE80423B65FB800244BF6 /* PictureIdentifier.xcdatamodel */,
			);
			currentVersion = 30BCE80423B65FB800244BF6 /* PictureIdentifier.xcdatamodel */;
			path = PictureIdentifier.xcdatamodeld;
			sourceTree = "<group>";
			versionGroupType = wrapper.xcdatamodel;
		};
/* End XCVersionGroup section */
	};
	rootObject = 30BCE7F423B65FB800244BF6 /* Project object */;
}
